// !$*UTF8*$!
{
	archiveVersion = 1;
	classes = {
	};
	objectVersion = 51;
	objects = {

/* Begin PBXBuildFile section */
		BC786585260993D600CCE4CE /* Extension.swift in Sources */ = {isa = PBXBuildFile; fileRef = BC786584260993D600CCE4CE /* Extension.swift */; };
		BC8791792608748E000F8F10 /* LoginViewModel.swift in Sources */ = {isa = PBXBuildFile; fileRef = BC8791782608748E000F8F10 /* LoginViewModel.swift */; };
		BC92CF8726059A1E00CAC81A /* SignUpViewController.swift in Sources */ = {isa = PBXBuildFile; fileRef = BC92CF8626059A1E00CAC81A /* SignUpViewController.swift */; };
		BC99AB7E260AF16100DAA1AB /* SignUpViewModel.swift in Sources */ = {isa = PBXBuildFile; fileRef = BC99AB7D260AF16100DAA1AB /* SignUpViewModel.swift */; };
		BC99AB81260AF8F900DAA1AB /* ResetPwViewModel.swift in Sources */ = {isa = PBXBuildFile; fileRef = BC99AB80260AF8F900DAA1AB /* ResetPwViewModel.swift */; };
		BCAAB76026047AA50080F080 /* NanumGothic.ttf in Resources */ = {isa = PBXBuildFile; fileRef = BCAAB75C26047A880080F080 /* NanumGothic.ttf */; };
		BCAAB76126047AA50080F080 /* NanumSquareBold.ttf in Resources */ = {isa = PBXBuildFile; fileRef = BCAAB75D26047A890080F080 /* NanumSquareBold.ttf */; };
		BCAAB76226047AA50080F080 /* NanumSquareRegular.ttf in Resources */ = {isa = PBXBuildFile; fileRef = BCAAB75F26047A950080F080 /* NanumSquareRegular.ttf */; };
		BCAFB6EF261756680033A2E8 /* LoginDelegate.swift in Sources */ = {isa = PBXBuildFile; fileRef = BCAFB6EE261756680033A2E8 /* LoginDelegate.swift */; };
		BCBAFF9A26063E29004E90DB /* ResetPWViewController.swift in Sources */ = {isa = PBXBuildFile; fileRef = BCBAFF9926063E29004E90DB /* ResetPWViewController.swift */; };
		BCD35AA82602FA3300A06BCF /* AppDelegate.swift in Sources */ = {isa = PBXBuildFile; fileRef = BCD35AA72602FA3300A06BCF /* AppDelegate.swift */; };
		BCD35AAA2602FA3300A06BCF /* SceneDelegate.swift in Sources */ = {isa = PBXBuildFile; fileRef = BCD35AA92602FA3300A06BCF /* SceneDelegate.swift */; };
		BCD35AAC2602FA3300A06BCF /* MainViewController.swift in Sources */ = {isa = PBXBuildFile; fileRef = BCD35AAB2602FA3300A06BCF /* MainViewController.swift */; };
		BCD35AAF2602FA3300A06BCF /* Main.storyboard in Resources */ = {isa = PBXBuildFile; fileRef = BCD35AAD2602FA3300A06BCF /* Main.storyboard */; };
		BCD35AB42602FA3500A06BCF /* LaunchScreen.storyboard in Resources */ = {isa = PBXBuildFile; fileRef = BCD35AB22602FA3500A06BCF /* LaunchScreen.storyboard */; };
		BCD35ABD2602FA4400A06BCF /* Assets.xcassets in Resources */ = {isa = PBXBuildFile; fileRef = BCD35ABC2602FA4400A06BCF /* Assets.xcassets */; };
		BCD35AC92603212900A06BCF /* LoginViewController.swift in Sources */ = {isa = PBXBuildFile; fileRef = BCD35AC82603212900A06BCF /* LoginViewController.swift */; };
		BCE1F598260ED0C2006568A2 /* GoogleService-Info.plist in Resources */ = {isa = PBXBuildFile; fileRef = BCE1F597260ED0C2006568A2 /* GoogleService-Info.plist */; };
		DE6D92C69F95778E32727315 /* Pods_TravelEssay.framework in Frameworks */ = {isa = PBXBuildFile; fileRef = A67C53D0B229147C4CFA2D7D /* Pods_TravelEssay.framework */; };
/* End PBXBuildFile section */

/* Begin PBXFileReference section */
		57C0435AC2181DF505AA4D20 /* Pods-TravelEssay.release.xcconfig */ = {isa = PBXFileReference; includeInIndex = 1; lastKnownFileType = text.xcconfig; name = "Pods-TravelEssay.release.xcconfig"; path = "Target Support Files/Pods-TravelEssay/Pods-TravelEssay.release.xcconfig"; sourceTree = "<group>"; };
		9E2E89C320815EB2E3F8BA5F /* Pods-TravelEssay.debug.xcconfig */ = {isa = PBXFileReference; includeInIndex = 1; lastKnownFileType = text.xcconfig; name = "Pods-TravelEssay.debug.xcconfig"; path = "Target Support Files/Pods-TravelEssay/Pods-TravelEssay.debug.xcconfig"; sourceTree = "<group>"; };
		A67C53D0B229147C4CFA2D7D /* Pods_TravelEssay.framework */ = {isa = PBXFileReference; explicitFileType = wrapper.framework; includeInIndex = 0; path = Pods_TravelEssay.framework; sourceTree = BUILT_PRODUCTS_DIR; };
		BC786584260993D600CCE4CE /* Extension.swift */ = {isa = PBXFileReference; lastKnownFileType = sourcecode.swift; path = Extension.swift; sourceTree = "<group>"; };
		BC8791782608748E000F8F10 /* LoginViewModel.swift */ = {isa = PBXFileReference; lastKnownFileType = sourcecode.swift; path = LoginViewModel.swift; sourceTree = "<group>"; };
		BC92CF8626059A1E00CAC81A /* SignUpViewController.swift */ = {isa = PBXFileReference; lastKnownFileType = sourcecode.swift; path = SignUpViewController.swift; sourceTree = "<group>"; };
		BC99AB7D260AF16100DAA1AB /* SignUpViewModel.swift */ = {isa = PBXFileReference; lastKnownFileType = sourcecode.swift; path = SignUpViewModel.swift; sourceTree = "<group>"; };
		BC99AB80260AF8F900DAA1AB /* ResetPwViewModel.swift */ = {isa = PBXFileReference; lastKnownFileType = sourcecode.swift; path = ResetPwViewModel.swift; sourceTree = "<group>"; };
		BCAAB75C26047A880080F080 /* NanumGothic.ttf */ = {isa = PBXFileReference; lastKnownFileType = file; path = NanumGothic.ttf; sourceTree = "<group>"; };
		BCAAB75D26047A890080F080 /* NanumSquareBold.ttf */ = {isa = PBXFileReference; lastKnownFileType = file; path = NanumSquareBold.ttf; sourceTree = "<group>"; };
		BCAAB75F26047A950080F080 /* NanumSquareRegular.ttf */ = {isa = PBXFileReference; lastKnownFileType = file; path = NanumSquareRegular.ttf; sourceTree = "<group>"; };
		BCAFB6EE261756680033A2E8 /* LoginDelegate.swift */ = {isa = PBXFileReference; lastKnownFileType = sourcecode.swift; path = LoginDelegate.swift; sourceTree = "<group>"; };
		BCBAFF9926063E29004E90DB /* ResetPWViewController.swift */ = {isa = PBXFileReference; lastKnownFileType = sourcecode.swift; path = ResetPWViewController.swift; sourceTree = "<group>"; };
		BCD35AA42602FA3300A06BCF /* TravelEssay.app */ = {isa = PBXFileReference; explicitFileType = wrapper.application; includeInIndex = 0; path = TravelEssay.app; sourceTree = BUILT_PRODUCTS_DIR; };
		BCD35AA72602FA3300A06BCF /* AppDelegate.swift */ = {isa = PBXFileReference; lastKnownFileType = sourcecode.swift; path = AppDelegate.swift; sourceTree = "<group>"; };
		BCD35AA92602FA3300A06BCF /* SceneDelegate.swift */ = {isa = PBXFileReference; lastKnownFileType = sourcecode.swift; path = SceneDelegate.swift; sourceTree = "<group>"; };
		BCD35AAB2602FA3300A06BCF /* MainViewController.swift */ = {isa = PBXFileReference; lastKnownFileType = sourcecode.swift; path = MainViewController.swift; sourceTree = "<group>"; };
		BCD35AAE2602FA3300A06BCF /* Base */ = {isa = PBXFileReference; lastKnownFileType = file.storyboard; name = Base; path = Base.lproj/Main.storyboard; sourceTree = "<group>"; };
		BCD35AB32602FA3500A06BCF /* Base */ = {isa = PBXFileReference; lastKnownFileType = file.storyboard; name = Base; path = Base.lproj/LaunchScreen.storyboard; sourceTree = "<group>"; };
		BCD35AB52602FA3500A06BCF /* Info.plist */ = {isa = PBXFileReference; lastKnownFileType = text.plist.xml; path = Info.plist; sourceTree = "<group>"; };
		BCD35ABC2602FA4400A06BCF /* Assets.xcassets */ = {isa = PBXFileReference; lastKnownFileType = folder.assetcatalog; name = Assets.xcassets; path = ../../../Travelogue/TravelogueStudy/Assets.xcassets; sourceTree = "<group>"; };
		BCD35AC82603212900A06BCF /* LoginViewController.swift */ = {isa = PBXFileReference; lastKnownFileType = sourcecode.swift; path = LoginViewController.swift; sourceTree = "<group>"; };
		BCE1F597260ED0C2006568A2 /* GoogleService-Info.plist */ = {isa = PBXFileReference; fileEncoding = 4; lastKnownFileType = text.plist.xml; path = "GoogleService-Info.plist"; sourceTree = "<group>"; };
/* End PBXFileReference section */

/* Begin PBXFrameworksBuildPhase section */
		BCD35AA12602FA3300A06BCF /* Frameworks */ = {
			isa = PBXFrameworksBuildPhase;
			buildActionMask = 2147483647;
			files = (
				DE6D92C69F95778E32727315 /* Pods_TravelEssay.framework in Frameworks */,
			);
			runOnlyForDeploymentPostprocessing = 0;
		};
/* End PBXFrameworksBuildPhase section */

/* Begin PBXGroup section */
		1682A5340FE011A74B9E6ADE /* Frameworks */ = {
			isa = PBXGroup;
			children = (
				A67C53D0B229147C4CFA2D7D /* Pods_TravelEssay.framework */,
			);
			name = Frameworks;
			sourceTree = "<group>";
		};
		BC52C4CE260445250047DEFC /* ViewModels */ = {
			isa = PBXGroup;
			children = (
				BC8791782608748E000F8F10 /* LoginViewModel.swift */,
				BC99AB7D260AF16100DAA1AB /* SignUpViewModel.swift */,
				BC99AB80260AF8F900DAA1AB /* ResetPwViewModel.swift */,
			);
			path = ViewModels;
			sourceTree = "<group>";
		};
		BC786583260993C500CCE4CE /* Utility */ = {
			isa = PBXGroup;
			children = (
				BC786584260993D600CCE4CE /* Extension.swift */,
				BCAFB6EE261756680033A2E8 /* LoginDelegate.swift */,
			);
			path = Utility;
			sourceTree = "<group>";
		};
		BCD35A9B2602FA3300A06BCF = {
			isa = PBXGroup;
			children = (
				BCD35AA62602FA3300A06BCF /* TravelEssay */,
				BCD35AA52602FA3300A06BCF /* Products */,
				BED856D3BE5147CD14D5F816 /* Pods */,
				1682A5340FE011A74B9E6ADE /* Frameworks */,
			);
			sourceTree = "<group>";
		};
		BCD35AA52602FA3300A06BCF /* Products */ = {
			isa = PBXGroup;
			children = (
				BCD35AA42602FA3300A06BCF /* TravelEssay.app */,
			);
			name = Products;
			sourceTree = "<group>";
		};
		BCD35AA62602FA3300A06BCF /* TravelEssay */ = {
			isa = PBXGroup;
			children = (
				BC786583260993C500CCE4CE /* Utility */,
				BC52C4CE260445250047DEFC /* ViewModels */,
				BCD35AC72603210100A06BCF /* Views */,
				BCD35AA72602FA3300A06BCF /* AppDelegate.swift */,
				BCD35AA92602FA3300A06BCF /* SceneDelegate.swift */,
				BCD35AAD2602FA3300A06BCF /* Main.storyboard */,
				BCD35ABC2602FA4400A06BCF /* Assets.xcassets */,
				BCD35AB22602FA3500A06BCF /* LaunchScreen.storyboard */,
				BCD35AB52602FA3500A06BCF /* Info.plist */,
				BCE1F597260ED0C2006568A2 /* GoogleService-Info.plist */,
				BCAAB75C26047A880080F080 /* NanumGothic.ttf */,
				BCAAB75D26047A890080F080 /* NanumSquareBold.ttf */,
				BCAAB75F26047A950080F080 /* NanumSquareRegular.ttf */,
			);
			path = TravelEssay;
			sourceTree = "<group>";
		};
		BCD35AC72603210100A06BCF /* Views */ = {
			isa = PBXGroup;
			children = (
				BCD35AAB2602FA3300A06BCF /* MainViewController.swift */,
				BCD35AC82603212900A06BCF /* LoginViewController.swift */,
				BC92CF8626059A1E00CAC81A /* SignUpViewController.swift */,
				BCBAFF9926063E29004E90DB /* ResetPWViewController.swift */,
			);
			path = Views;
			sourceTree = "<group>";
		};
		BED856D3BE5147CD14D5F816 /* Pods */ = {
			isa = PBXGroup;
			children = (
				9E2E89C320815EB2E3F8BA5F /* Pods-TravelEssay.debug.xcconfig */,
				57C0435AC2181DF505AA4D20 /* Pods-TravelEssay.release.xcconfig */,
			);
			path = Pods;
			sourceTree = "<group>";
		};
/* End PBXGroup section */

/* Begin PBXNativeTarget section */
		BCD35AA32602FA3300A06BCF /* TravelEssay */ = {
			isa = PBXNativeTarget;
			buildConfigurationList = BCD35AB82602FA3500A06BCF /* Build configuration list for PBXNativeTarget "TravelEssay" */;
			buildPhases = (
				F6FD13DD3B7777F5E33574DE /* [CP] Check Pods Manifest.lock */,
				BCD35AA02602FA3300A06BCF /* Sources */,
				BCD35AA12602FA3300A06BCF /* Frameworks */,
				BCD35AA22602FA3300A06BCF /* Resources */,
				5B696400788F06C0B22F9A07 /* [CP] Embed Pods Frameworks */,
				1E01178AC715B89F65DB96D4 /* [CP] Copy Pods Resources */,
			);
			buildRules = (
			);
			dependencies = (
			);
			name = TravelEssay;
			productName = TravelEssay;
			productReference = BCD35AA42602FA3300A06BCF /* TravelEssay.app */;
			productType = "com.apple.product-type.application";
		};
/* End PBXNativeTarget section */

/* Begin PBXProject section */
		BCD35A9C2602FA3300A06BCF /* Project object */ = {
			isa = PBXProject;
			attributes = {
				LastSwiftUpdateCheck = 1240;
				LastUpgradeCheck = 1240;
				TargetAttributes = {
					BCD35AA32602FA3300A06BCF = {
						CreatedOnToolsVersion = 12.4;
					};
				};
			};
			buildConfigurationList = BCD35A9F2602FA3300A06BCF /* Build configuration list for PBXProject "TravelEssay" */;
			compatibilityVersion = "Xcode 9.3";
			developmentRegion = en;
			hasScannedForEncodings = 0;
			knownRegions = (
				en,
				Base,
			);
			mainGroup = BCD35A9B2602FA3300A06BCF;
			productRefGroup = BCD35AA52602FA3300A06BCF /* Products */;
			projectDirPath = "";
			projectRoot = "";
			targets = (
				BCD35AA32602FA3300A06BCF /* TravelEssay */,
			);
		};
/* End PBXProject section */

/* Begin PBXResourcesBuildPhase section */
		BCD35AA22602FA3300A06BCF /* Resources */ = {
			isa = PBXResourcesBuildPhase;
			buildActionMask = 2147483647;
			files = (
				BCAAB76026047AA50080F080 /* NanumGothic.ttf in Resources */,
				BCAAB76126047AA50080F080 /* NanumSquareBold.ttf in Resources */,
				BCAAB76226047AA50080F080 /* NanumSquareRegular.ttf in Resources */,
				BCD35AB42602FA3500A06BCF /* LaunchScreen.storyboard in Resources */,
				BCD35ABD2602FA4400A06BCF /* Assets.xcassets in Resources */,
				BCD35AAF2602FA3300A06BCF /* Main.storyboard in Resources */,
				BCE1F598260ED0C2006568A2 /* GoogleService-Info.plist in Resources */,
			);
			runOnlyForDeploymentPostprocessing = 0;
		};
/* End PBXResourcesBuildPhase section */

/* Begin PBXShellScriptBuildPhase section */
		1E01178AC715B89F65DB96D4 /* [CP] Copy Pods Resources */ = {
			isa = PBXShellScriptBuildPhase;
			buildActionMask = 2147483647;
			files = (
			);
			inputFileListPaths = (
				"${PODS_ROOT}/Target Support Files/Pods-TravelEssay/Pods-TravelEssay-resources-${CONFIGURATION}-input-files.xcfilelist",
			);
			name = "[CP] Copy Pods Resources";
			outputFileListPaths = (
				"${PODS_ROOT}/Target Support Files/Pods-TravelEssay/Pods-TravelEssay-resources-${CONFIGURATION}-output-files.xcfilelist",
			);
			runOnlyForDeploymentPostprocessing = 0;
			shellPath = /bin/sh;
			shellScript = "\"${PODS_ROOT}/Target Support Files/Pods-TravelEssay/Pods-TravelEssay-resources.sh\"\n";
			showEnvVarsInLog = 0;
		};
		5B696400788F06C0B22F9A07 /* [CP] Embed Pods Frameworks */ = {
			isa = PBXShellScriptBuildPhase;
			buildActionMask = 2147483647;
			files = (
			);
			inputFileListPaths = (
				"${PODS_ROOT}/Target Support Files/Pods-TravelEssay/Pods-TravelEssay-frameworks-${CONFIGURATION}-input-files.xcfilelist",
			);
			name = "[CP] Embed Pods Frameworks";
			outputFileListPaths = (
				"${PODS_ROOT}/Target Support Files/Pods-TravelEssay/Pods-TravelEssay-frameworks-${CONFIGURATION}-output-files.xcfilelist",
			);
			runOnlyForDeploymentPostprocessing = 0;
			shellPath = /bin/sh;
			shellScript = "\"${PODS_ROOT}/Target Support Files/Pods-TravelEssay/Pods-TravelEssay-frameworks.sh\"\n";
			showEnvVarsInLog = 0;
		};
		F6FD13DD3B7777F5E33574DE /* [CP] Check Pods Manifest.lock */ = {
			isa = PBXShellScriptBuildPhase;
			buildActionMask = 2147483647;
			files = (
			);
			inputFileListPaths = (
			);
			inputPaths = (
				"${PODS_PODFILE_DIR_PATH}/Podfile.lock",
				"${PODS_ROOT}/Manifest.lock",
			);
			name = "[CP] Check Pods Manifest.lock";
			outputFileListPaths = (
			);
			outputPaths = (
				"$(DERIVED_FILE_DIR)/Pods-TravelEssay-checkManifestLockResult.txt",
			);
			runOnlyForDeploymentPostprocessing = 0;
			shellPath = /bin/sh;
			shellScript = "diff \"${PODS_PODFILE_DIR_PATH}/Podfile.lock\" \"${PODS_ROOT}/Manifest.lock\" > /dev/null\nif [ $? != 0 ] ; then\n    # print error to STDERR\n    echo \"error: The sandbox is not in sync with the Podfile.lock. Run 'pod install' or update your CocoaPods installation.\" >&2\n    exit 1\nfi\n# This output is used by Xcode 'outputs' to avoid re-running this script phase.\necho \"SUCCESS\" > \"${SCRIPT_OUTPUT_FILE_0}\"\n";
			showEnvVarsInLog = 0;
		};
/* End PBXShellScriptBuildPhase section */

/* Begin PBXSourcesBuildPhase section */
		BCD35AA02602FA3300A06BCF /* Sources */ = {
			isa = PBXSourcesBuildPhase;
			buildActionMask = 2147483647;
			files = (
				BCAFB6EF261756680033A2E8 /* LoginDelegate.swift in Sources */,
				BCBAFF9A26063E29004E90DB /* ResetPWViewController.swift in Sources */,
				BC99AB7E260AF16100DAA1AB /* SignUpViewModel.swift in Sources */,
				BCD35AC92603212900A06BCF /* LoginViewController.swift in Sources */,
				BC8791792608748E000F8F10 /* LoginViewModel.swift in Sources */,
				BCD35AAC2602FA3300A06BCF /* MainViewController.swift in Sources */,
				BCD35AA82602FA3300A06BCF /* AppDelegate.swift in Sources */,
				BCD35AAA2602FA3300A06BCF /* SceneDelegate.swift in Sources */,
				BC99AB81260AF8F900DAA1AB /* ResetPwViewModel.swift in Sources */,
				BC92CF8726059A1E00CAC81A /* SignUpViewController.swift in Sources */,
				BC786585260993D600CCE4CE /* Extension.swift in Sources */,
			);
			runOnlyForDeploymentPostprocessing = 0;
		};
/* End PBXSourcesBuildPhase section */

/* Begin PBXVariantGroup section */
		BCD35AAD2602FA3300A06BCF /* Main.storyboard */ = {
			isa = PBXVariantGroup;
			children = (
				BCD35AAE2602FA3300A06BCF /* Base */,
			);
			name = Main.storyboard;
			sourceTree = "<group>";
		};
		BCD35AB22602FA3500A06BCF /* LaunchScreen.storyboard */ = {
			isa = PBXVariantGroup;
			children = (
				BCD35AB32602FA3500A06BCF /* Base */,
			);
			name = LaunchScreen.storyboard;
			sourceTree = "<group>";
		};
/* End PBXVariantGroup section */

/* Begin XCBuildConfiguration section */
		BCD35AB62602FA3500A06BCF /* Debug */ = {
			isa = XCBuildConfiguration;
			buildSettings = {
				ALWAYS_SEARCH_USER_PATHS = NO;
				CLANG_ANALYZER_NONNULL = YES;
				CLANG_ANALYZER_NUMBER_OBJECT_CONVERSION = YES_AGGRESSIVE;
				CLANG_CXX_LANGUAGE_STANDARD = "gnu++14";
				CLANG_CXX_LIBRARY = "libc++";
				CLANG_ENABLE_MODULES = YES;
				CLANG_ENABLE_OBJC_ARC = YES;
				CLANG_ENABLE_OBJC_WEAK = YES;
				CLANG_WARN_BLOCK_CAPTURE_AUTORELEASING = YES;
				CLANG_WARN_BOOL_CONVERSION = YES;
				CLANG_WARN_COMMA = YES;
				CLANG_WARN_CONSTANT_CONVERSION = YES;
				CLANG_WARN_DEPRECATED_OBJC_IMPLEMENTATIONS = YES;
				CLANG_WARN_DIRECT_OBJC_ISA_USAGE = YES_ERROR;
				CLANG_WARN_DOCUMENTATION_COMMENTS = YES;
				CLANG_WARN_EMPTY_BODY = YES;
				CLANG_WARN_ENUM_CONVERSION = YES;
				CLANG_WARN_INFINITE_RECURSION = YES;
				CLANG_WARN_INT_CONVERSION = YES;
				CLANG_WARN_NON_LITERAL_NULL_CONVERSION = YES;
				CLANG_WARN_OBJC_IMPLICIT_RETAIN_SELF = YES;
				CLANG_WARN_OBJC_LITERAL_CONVERSION = YES;
				CLANG_WARN_OBJC_ROOT_CLASS = YES_ERROR;
				CLANG_WARN_QUOTED_INCLUDE_IN_FRAMEWORK_HEADER = YES;
				CLANG_WARN_RANGE_LOOP_ANALYSIS = YES;
				CLANG_WARN_STRICT_PROTOTYPES = YES;
				CLANG_WARN_SUSPICIOUS_MOVE = YES;
				CLANG_WARN_UNGUARDED_AVAILABILITY = YES_AGGRESSIVE;
				CLANG_WARN_UNREACHABLE_CODE = YES;
				CLANG_WARN__DUPLICATE_METHOD_MATCH = YES;
				COPY_PHASE_STRIP = NO;
				DEBUG_INFORMATION_FORMAT = dwarf;
				ENABLE_STRICT_OBJC_MSGSEND = YES;
				ENABLE_TESTABILITY = YES;
				GCC_C_LANGUAGE_STANDARD = gnu11;
				GCC_DYNAMIC_NO_PIC = NO;
				GCC_NO_COMMON_BLOCKS = YES;
				GCC_OPTIMIZATION_LEVEL = 0;
				GCC_PREPROCESSOR_DEFINITIONS = (
					"DEBUG=1",
					"$(inherited)",
				);
				GCC_WARN_64_TO_32_BIT_CONVERSION = YES;
				GCC_WARN_ABOUT_RETURN_TYPE = YES_ERROR;
				GCC_WARN_UNDECLARED_SELECTOR = YES;
				GCC_WARN_UNINITIALIZED_AUTOS = YES_AGGRESSIVE;
				GCC_WARN_UNUSED_FUNCTION = YES;
				GCC_WARN_UNUSED_VARIABLE = YES;
				IPHONEOS_DEPLOYMENT_TARGET = 13.0;
				MTL_ENABLE_DEBUG_INFO = INCLUDE_SOURCE;
				MTL_FAST_MATH = YES;
				ONLY_ACTIVE_ARCH = YES;
				SDKROOT = iphoneos;
				SWIFT_ACTIVE_COMPILATION_CONDITIONS = DEBUG;
				SWIFT_OPTIMIZATION_LEVEL = "-Onone";
			};
			name = Debug;
		};
		BCD35AB72602FA3500A06BCF /* Release */ = {
			isa = XCBuildConfiguration;
			buildSettings = {
				ALWAYS_SEARCH_USER_PATHS = NO;
				CLANG_ANALYZER_NONNULL = YES;
				CLANG_ANALYZER_NUMBER_OBJECT_CONVERSION = YES_AGGRESSIVE;
				CLANG_CXX_LANGUAGE_STANDARD = "gnu++14";
				CLANG_CXX_LIBRARY = "libc++";
				CLANG_ENABLE_MODULES = YES;
				CLANG_ENABLE_OBJC_ARC = YES;
				CLANG_ENABLE_OBJC_WEAK = YES;
				CLANG_WARN_BLOCK_CAPTURE_AUTORELEASING = YES;
				CLANG_WARN_BOOL_CONVERSION = YES;
				CLANG_WARN_COMMA = YES;
				CLANG_WARN_CONSTANT_CONVERSION = YES;
				CLANG_WARN_DEPRECATED_OBJC_IMPLEMENTATIONS = YES;
				CLANG_WARN_DIRECT_OBJC_ISA_USAGE = YES_ERROR;
				CLANG_WARN_DOCUMENTATION_COMMENTS = YES;
				CLANG_WARN_EMPTY_BODY = YES;
				CLANG_WARN_ENUM_CONVERSION = YES;
				CLANG_WARN_INFINITE_RECURSION = YES;
				CLANG_WARN_INT_CONVERSION = YES;
				CLANG_WARN_NON_LITERAL_NULL_CONVERSION = YES;
				CLANG_WARN_OBJC_IMPLICIT_RETAIN_SELF = YES;
				CLANG_WARN_OBJC_LITERAL_CONVERSION = YES;
				CLANG_WARN_OBJC_ROOT_CLASS = YES_ERROR;
				CLANG_WARN_QUOTED_INCLUDE_IN_FRAMEWORK_HEADER = YES;
				CLANG_WARN_RANGE_LOOP_ANALYSIS = YES;
				CLANG_WARN_STRICT_PROTOTYPES = YES;
				CLANG_WARN_SUSPICIOUS_MOVE = YES;
				CLANG_WARN_UNGUARDED_AVAILABILITY = YES_AGGRESSIVE;
				CLANG_WARN_UNREACHABLE_CODE = YES;
				CLANG_WARN__DUPLICATE_METHOD_MATCH = YES;
				COPY_PHASE_STRIP = NO;
				DEBUG_INFORMATION_FORMAT = "dwarf-with-dsym";
				ENABLE_NS_ASSERTIONS = NO;
				ENABLE_STRICT_OBJC_MSGSEND = YES;
				GCC_C_LANGUAGE_STANDARD = gnu11;
				GCC_NO_COMMON_BLOCKS = YES;
				GCC_WARN_64_TO_32_BIT_CONVERSION = YES;
				GCC_WARN_ABOUT_RETURN_TYPE = YES_ERROR;
				GCC_WARN_UNDECLARED_SELECTOR = YES;
				GCC_WARN_UNINITIALIZED_AUTOS = YES_AGGRESSIVE;
				GCC_WARN_UNUSED_FUNCTION = YES;
				GCC_WARN_UNUSED_VARIABLE = YES;
				IPHONEOS_DEPLOYMENT_TARGET = 13.0;
				MTL_ENABLE_DEBUG_INFO = NO;
				MTL_FAST_MATH = YES;
				SDKROOT = iphoneos;
				SWIFT_COMPILATION_MODE = wholemodule;
				SWIFT_OPTIMIZATION_LEVEL = "-O";
				VALIDATE_PRODUCT = YES;
			};
			name = Release;
		};
		BCD35AB92602FA3500A06BCF /* Debug */ = {
			isa = XCBuildConfiguration;
			baseConfigurationReference = 9E2E89C320815EB2E3F8BA5F /* Pods-TravelEssay.debug.xcconfig */;
			buildSettings = {
				ASSETCATALOG_COMPILER_APPICON_NAME = AppIcon;
				ASSETCATALOG_COMPILER_GLOBAL_ACCENT_COLOR_NAME = AccentColor;
				CODE_SIGN_STYLE = Automatic;
				DEVELOPMENT_TEAM = UL264WB4Z5;
				INFOPLIST_FILE = TravelEssay/Info.plist;
				LD_RUNPATH_SEARCH_PATHS = (
					"$(inherited)",
					"@executable_path/Frameworks",
				);
				PRODUCT_BUNDLE_IDENTIFIER = net.P0tt3r.TravelEssay;
				PRODUCT_NAME = "$(TARGET_NAME)";
				SWIFT_VERSION = 5.0;
				TARGETED_DEVICE_FAMILY = "1,2";
			};
			name = Debug;
		};
		BCD35ABA2602FA3500A06BCF /* Release */ = {
			isa = XCBuildConfiguration;
			baseConfigurationReference = 57C0435AC2181DF505AA4D20 /* Pods-TravelEssay.release.xcconfig */;
			buildSettings = {
				ASSETCATALOG_COMPILER_APPICON_NAME = AppIcon;
				ASSETCATALOG_COMPILER_GLOBAL_ACCENT_COLOR_NAME = AccentColor;
				CODE_SIGN_STYLE = Automatic;
				DEVELOPMENT_TEAM = UL264WB4Z5;
				INFOPLIST_FILE = TravelEssay/Info.plist;
				LD_RUNPATH_SEARCH_PATHS = (
					"$(inherited)",
					"@executable_path/Frameworks",
				);
				PRODUCT_BUNDLE_IDENTIFIER = net.P0tt3r.TravelEssay;
				PRODUCT_NAME = "$(TARGET_NAME)";
				SWIFT_VERSION = 5.0;
				TARGETED_DEVICE_FAMILY = "1,2";
			};
			name = Release;
		};
/* End XCBuildConfiguration section */

/* Begin XCConfigurationList section */
		BCD35A9F2602FA3300A06BCF /* Build configuration list for PBXProject "TravelEssay" */ = {
			isa = XCConfigurationList;
			buildConfigurations = (
				BCD35AB62602FA3500A06BCF /* Debug */,
				BCD35AB72602FA3500A06BCF /* Release */,
			);
			defaultConfigurationIsVisible = 0;
			defaultConfigurationName = Release;
		};
		BCD35AB82602FA3500A06BCF /* Build configuration list for PBXNativeTarget "TravelEssay" */ = {
			isa = XCConfigurationList;
			buildConfigurations = (
				BCD35AB92602FA3500A06BCF /* Debug */,
				BCD35ABA2602FA3500A06BCF /* Release */,
			);
			defaultConfigurationIsVisible = 0;
			defaultConfigurationName = Release;
		};
/* End XCConfigurationList section */
	};
	rootObject = BCD35A9C2602FA3300A06BCF /* Project object */;
}
